
Microsoft Visual Studio Solution File, Format Version 12.00
# Visual Studio Version 16
VisualStudioVersion = 16.0.29215.179
MinimumVisualStudioVersion = 10.0.40219.1
Project("{8BC9CEB8-8B4A-11D0-8D11-00A0C91BC942}") = "Task1", "Task1\Task1.vcxproj", "{795E69D5-280A-43CE-BC44-322A1C61C824}"
EndProject
Project("{8BC9CEB8-8B4A-11D0-8D11-00A0C91BC942}") = "Task1 - Tests", "Task1 - Tests\Task1 - Tests.vcxproj", "{6CE3179C-253D-4384-A7B3-946923C6077E}"
EndProject
Project("{8BC9CEB8-8B4A-11D0-8D11-00A0C91BC942}") = "Task2", "Task2\Task2.vcxproj", "{9A252ED7-83F1-41F8-8DC6-1DB550251165}"
EndProject
Project("{8BC9CEB8-8B4A-11D0-8D11-00A0C91BC942}") = "Task2 - Tests", "Task2 - Tests\Task2 - Tests.vcxproj", "{DB0A39EF-F7E6-4D69-90A4-11AA4BCFBFC2}"
EndProject
Project("{8BC9CEB8-8B4A-11D0-8D11-00A0C91BC942}") = "Task3", "Task3\Task3.vcxproj", "{6908215B-7222-4971-9338-6C08854D1F4C}"
EndProject
Project("{8BC9CEB8-8B4A-11D0-8D11-00A0C91BC942}") = "Task4", "Task4\Task4.vcxproj", "{BA552982-F29E-4080-A984-55762C35EDD9}"
EndProject
Project("{8BC9CEB8-8B4A-11D0-8D11-00A0C91BC942}") = "Task4 - Tests", "Task4 - Tests\Task4 - Tests.vcxproj", "{5D69E99A-E08F-4D78-BD18-0855AE9E6CF0}"
EndProject
Project("{8BC9CEB8-8B4A-11D0-8D11-00A0C91BC942}") = "Task3 - Tests", "Task3 - Test\Task3 - Test.vcxproj", "{E9E4F258-D680-4AF0-967D-85B0BB6BCF90}"
EndProject
Project("{8BC9CEB8-8B4A-11D0-8D11-00A0C91BC942}") = "Task5", "Task5\Task5.vcxproj", "{33D5401D-EC7D-4C01-8836-541AD09CFC6D}"
EndProject
Project("{8BC9CEB8-8B4A-11D0-8D11-00A0C91BC942}") = "Task5 - Tests", "Task5 - tests\Task5 - tests.vcxproj", "{42F4961D-087C-487A-A1FD-F74C9EAA97B3}"
EndProject
Project("{2150E333-8FDC-42A3-9474-1A3956D46DE8}") = "Solution Items", "Solution Items", "{B0957733-5BEC-4897-A0B9-ED14CB19749C}"
	ProjectSection(SolutionItems) = preProject
		Paths.txt = Paths.txt
		Projektni zadatci stipendisti.pdf = Projektni zadatci stipendisti.pdf
	EndProjectSection
EndProject
Project("{8BC9CEB8-8B4A-11D0-8D11-00A0C91BC942}") = "Task30", "Task30\Task30.vcxproj", "{FF63653B-8CB2-43A5-8AFD-FD378E0A31D3}"
EndProject
Project("{8BC9CEB8-8B4A-11D0-8D11-00A0C91BC942}") = "Task30 - Test and 2n pt", "Task30 - Test and 2n pt\Task30 - Test and 2n pt.vcxproj", "{3292A52A-FB8B-4B71-A7DE-057A53D03A31}"
EndProject
Global
	GlobalSection(SolutionConfigurationPlatforms) = preSolution
		Debug|x64 = Debug|x64
		Debug|x86 = Debug|x86
		Release|x64 = Release|x64
		Release|x86 = Release|x86
	EndGlobalSection
	GlobalSection(ProjectConfigurationPlatforms) = postSolution
		{795E69D5-280A-43CE-BC44-322A1C61C824}.Debug|x64.ActiveCfg = Debug|x64
		{795E69D5-280A-43CE-BC44-322A1C61C824}.Debug|x64.Build.0 = Debug|x64
		{795E69D5-280A-43CE-BC44-322A1C61C824}.Debug|x86.ActiveCfg = Debug|Win32
		{795E69D5-280A-43CE-BC44-322A1C61C824}.Debug|x86.Build.0 = Debug|Win32
		{795E69D5-280A-43CE-BC44-322A1C61C824}.Release|x64.ActiveCfg = Release|x64
		{795E69D5-280A-43CE-BC44-322A1C61C824}.Release|x64.Build.0 = Release|x64
		{795E69D5-280A-43CE-BC44-322A1C61C824}.Release|x86.ActiveCfg = Release|Win32
		{795E69D5-280A-43CE-BC44-322A1C61C824}.Release|x86.Build.0 = Release|Win32
		{6CE3179C-253D-4384-A7B3-946923C6077E}.Debug|x64.ActiveCfg = Debug|x64
		{6CE3179C-253D-4384-A7B3-946923C6077E}.Debug|x64.Build.0 = Debug|x64
		{6CE3179C-253D-4384-A7B3-946923C6077E}.Debug|x86.ActiveCfg = Debug|Win32
		{6CE3179C-253D-4384-A7B3-946923C6077E}.Debug|x86.Build.0 = Debug|Win32
		{6CE3179C-253D-4384-A7B3-946923C6077E}.Release|x64.ActiveCfg = Release|x64
		{6CE3179C-253D-4384-A7B3-946923C6077E}.Release|x64.Build.0 = Release|x64
		{6CE3179C-253D-4384-A7B3-946923C6077E}.Release|x86.ActiveCfg = Release|Win32
		{6CE3179C-253D-4384-A7B3-946923C6077E}.Release|x86.Build.0 = Release|Win32
		{9A252ED7-83F1-41F8-8DC6-1DB550251165}.Debug|x64.ActiveCfg = Debug|x64
		{9A252ED7-83F1-41F8-8DC6-1DB550251165}.Debug|x64.Build.0 = Debug|x64
		{9A252ED7-83F1-41F8-8DC6-1DB550251165}.Debug|x86.ActiveCfg = Debug|Win32
		{9A252ED7-83F1-41F8-8DC6-1DB550251165}.Debug|x86.Build.0 = Debug|Win32
		{9A252ED7-83F1-41F8-8DC6-1DB550251165}.Release|x64.ActiveCfg = Release|x64
		{9A252ED7-83F1-41F8-8DC6-1DB550251165}.Release|x64.Build.0 = Release|x64
		{9A252ED7-83F1-41F8-8DC6-1DB550251165}.Release|x86.ActiveCfg = Release|Win32
		{9A252ED7-83F1-41F8-8DC6-1DB550251165}.Release|x86.Build.0 = Release|Win32
		{DB0A39EF-F7E6-4D69-90A4-11AA4BCFBFC2}.Debug|x64.ActiveCfg = Debug|x64
		{DB0A39EF-F7E6-4D69-90A4-11AA4BCFBFC2}.Debug|x64.Build.0 = Debug|x64
		{DB0A39EF-F7E6-4D69-90A4-11AA4BCFBFC2}.Debug|x86.ActiveCfg = Debug|Win32
		{DB0A39EF-F7E6-4D69-90A4-11AA4BCFBFC2}.Debug|x86.Build.0 = Debug|Win32
		{DB0A39EF-F7E6-4D69-90A4-11AA4BCFBFC2}.Release|x64.ActiveCfg = Release|x64
		{DB0A39EF-F7E6-4D69-90A4-11AA4BCFBFC2}.Release|x64.Build.0 = Release|x64
		{DB0A39EF-F7E6-4D69-90A4-11AA4BCFBFC2}.Release|x86.ActiveCfg = Release|Win32
		{DB0A39EF-F7E6-4D69-90A4-11AA4BCFBFC2}.Release|x86.Build.0 = Release|Win32
		{6908215B-7222-4971-9338-6C08854D1F4C}.Debug|x64.ActiveCfg = Debug|x64
		{6908215B-7222-4971-9338-6C08854D1F4C}.Debug|x64.Build.0 = Debug|x64
		{6908215B-7222-4971-9338-6C08854D1F4C}.Debug|x86.ActiveCfg = Debug|Win32
		{6908215B-7222-4971-9338-6C08854D1F4C}.Debug|x86.Build.0 = Debug|Win32
		{6908215B-7222-4971-9338-6C08854D1F4C}.Release|x64.ActiveCfg = Release|x64
		{6908215B-7222-4971-9338-6C08854D1F4C}.Release|x64.Build.0 = Release|x64
		{6908215B-7222-4971-9338-6C08854D1F4C}.Release|x86.ActiveCfg = Release|Win32
		{6908215B-7222-4971-9338-6C08854D1F4C}.Release|x86.Build.0 = Release|Win32
		{BA552982-F29E-4080-A984-55762C35EDD9}.Debug|x64.ActiveCfg = Debug|x64
		{BA552982-F29E-4080-A984-55762C35EDD9}.Debug|x64.Build.0 = Debug|x64
		{BA552982-F29E-4080-A984-55762C35EDD9}.Debug|x86.ActiveCfg = Debug|Win32
		{BA552982-F29E-4080-A984-55762C35EDD9}.Debug|x86.Build.0 = Debug|Win32
		{BA552982-F29E-4080-A984-55762C35EDD9}.Release|x64.ActiveCfg = Release|x64
		{BA552982-F29E-4080-A984-55762C35EDD9}.Release|x64.Build.0 = Release|x64
		{BA552982-F29E-4080-A984-55762C35EDD9}.Release|x86.ActiveCfg = Release|Win32
		{BA552982-F29E-4080-A984-55762C35EDD9}.Release|x86.Build.0 = Release|Win32
		{5D69E99A-E08F-4D78-BD18-0855AE9E6CF0}.Debug|x64.ActiveCfg = Debug|x64
		{5D69E99A-E08F-4D78-BD18-0855AE9E6CF0}.Debug|x64.Build.0 = Debug|x64
		{5D69E99A-E08F-4D78-BD18-0855AE9E6CF0}.Debug|x86.ActiveCfg = Debug|Win32
		{5D69E99A-E08F-4D78-BD18-0855AE9E6CF0}.Debug|x86.Build.0 = Debug|Win32
		{5D69E99A-E08F-4D78-BD18-0855AE9E6CF0}.Release|x64.ActiveCfg = Release|x64
		{5D69E99A-E08F-4D78-BD18-0855AE9E6CF0}.Release|x64.Build.0 = Release|x64
		{5D69E99A-E08F-4D78-BD18-0855AE9E6CF0}.Release|x86.ActiveCfg = Release|Win32
		{5D69E99A-E08F-4D78-BD18-0855AE9E6CF0}.Release|x86.Build.0 = Release|Win32
		{E9E4F258-D680-4AF0-967D-85B0BB6BCF90}.Debug|x64.ActiveCfg = Debug|x64
		{E9E4F258-D680-4AF0-967D-85B0BB6BCF90}.Debug|x64.Build.0 = Debug|x64
		{E9E4F258-D680-4AF0-967D-85B0BB6BCF90}.Debug|x86.ActiveCfg = Debug|Win32
		{E9E4F258-D680-4AF0-967D-85B0BB6BCF90}.Debug|x86.Build.0 = Debug|Win32
		{E9E4F258-D680-4AF0-967D-85B0BB6BCF90}.Release|x64.ActiveCfg = Release|x64
		{E9E4F258-D680-4AF0-967D-85B0BB6BCF90}.Release|x64.Build.0 = Release|x64
		{E9E4F258-D680-4AF0-967D-85B0BB6BCF90}.Release|x86.ActiveCfg = Release|Win32
		{E9E4F258-D680-4AF0-967D-85B0BB6BCF90}.Release|x86.Build.0 = Release|Win32
		{33D5401D-EC7D-4C01-8836-541AD09CFC6D}.Debug|x64.ActiveCfg = Debug|x64
		{33D5401D-EC7D-4C01-8836-541AD09CFC6D}.Debug|x64.Build.0 = Debug|x64
		{33D5401D-EC7D-4C01-8836-541AD09CFC6D}.Debug|x86.ActiveCfg = Debug|Win32
		{33D5401D-EC7D-4C01-8836-541AD09CFC6D}.Debug|x86.Build.0 = Debug|Win32
		{33D5401D-EC7D-4C01-8836-541AD09CFC6D}.Release|x64.ActiveCfg = Release|x64
		{33D5401D-EC7D-4C01-8836-541AD09CFC6D}.Release|x64.Build.0 = Release|x64
		{33D5401D-EC7D-4C01-8836-541AD09CFC6D}.Release|x86.ActiveCfg = Release|Win32
		{33D5401D-EC7D-4C01-8836-541AD09CFC6D}.Release|x86.Build.0 = Release|Win32
		{42F4961D-087C-487A-A1FD-F74C9EAA97B3}.Debug|x64.ActiveCfg = Debug|x64
		{42F4961D-087C-487A-A1FD-F74C9EAA97B3}.Debug|x64.Build.0 = Debug|x64
		{42F4961D-087C-487A-A1FD-F74C9EAA97B3}.Debug|x86.ActiveCfg = Debug|Win32
		{42F4961D-087C-487A-A1FD-F74C9EAA97B3}.Debug|x86.Build.0 = Debug|Win32
		{42F4961D-087C-487A-A1FD-F74C9EAA97B3}.Release|x64.ActiveCfg = Release|x64
		{42F4961D-087C-487A-A1FD-F74C9EAA97B3}.Release|x64.Build.0 = Release|x64
		{42F4961D-087C-487A-A1FD-F74C9EAA97B3}.Release|x86.ActiveCfg = Release|Win32
		{42F4961D-087C-487A-A1FD-F74C9EAA97B3}.Release|x86.Build.0 = Release|Win32
		{FF63653B-8CB2-43A5-8AFD-FD378E0A31D3}.Debug|x64.ActiveCfg = Debug|x64
		{FF63653B-8CB2-43A5-8AFD-FD378E0A31D3}.Debug|x64.Build.0 = Debug|x64
		{FF63653B-8CB2-43A5-8AFD-FD378E0A31D3}.Debug|x86.ActiveCfg = Debug|Win32
		{FF63653B-8CB2-43A5-8AFD-FD378E0A31D3}.Debug|x86.Build.0 = Debug|Win32
		{FF63653B-8CB2-43A5-8AFD-FD378E0A31D3}.Release|x64.ActiveCfg = Release|x64
		{FF63653B-8CB2-43A5-8AFD-FD378E0A31D3}.Release|x64.Build.0 = Release|x64
		{FF63653B-8CB2-43A5-8AFD-FD378E0A31D3}.Release|x86.ActiveCfg = Release|Win32
		{FF63653B-8CB2-43A5-8AFD-FD378E0A31D3}.Release|x86.Build.0 = Release|Win32
		{3292A52A-FB8B-4B71-A7DE-057A53D03A31}.Debug|x64.ActiveCfg = Debug|x64
		{3292A52A-FB8B-4B71-A7DE-057A53D03A31}.Debug|x64.Build.0 = Debug|x64
		{3292A52A-FB8B-4B71-A7DE-057A53D03A31}.Debug|x86.ActiveCfg = Debug|Win32
		{3292A52A-FB8B-4B71-A7DE-057A53D03A31}.Debug|x86.Build.0 = Debug|Win32
		{3292A52A-FB8B-4B71-A7DE-057A53D03A31}.Release|x64.ActiveCfg = Release|x64
		{3292A52A-FB8B-4B71-A7DE-057A53D03A31}.Release|x64.Build.0 = Release|x64
		{3292A52A-FB8B-4B71-A7DE-057A53D03A31}.Release|x86.ActiveCfg = Release|Win32
		{3292A52A-FB8B-4B71-A7DE-057A53D03A31}.Release|x86.Build.0 = Release|Win32
	EndGlobalSection
	GlobalSection(SolutionProperties) = preSolution
		HideSolutionNode = FALSE
	EndGlobalSection
	GlobalSection(ExtensibilityGlobals) = postSolution
		SolutionGuid = {FB9CD90D-DAE3-4D1C-A8FB-8A6515427DDC}
	EndGlobalSection
EndGlobal
